
Microsoft Visual Studio Solution File, Format Version 12.00
# Visual Studio Version 16
VisualStudioVersion = 16.0.31515.178
MinimumVisualStudioVersion = 10.0.40219.1
Project("{FAE04EC0-301F-11D3-BF4B-00C04F79EFBC}") = "CalculadoraV1", "CalculadoraV1\CalculadoraV1.csproj", "{4B3C89AF-0F41-4C75-AE73-2DA96C62FBD7}"
EndProject
Global
	GlobalSection(SolutionConfigurationPlatforms) = preSolution
		Debug|Any CPU = Debug|Any CPU
		Release|Any CPU = Release|Any CPU
	EndGlobalSection
	GlobalSection(ProjectConfigurationPlatforms) = postSolution
		{4B3C89AF-0F41-4C75-AE73-2DA96C62FBD7}.Debug|Any CPU.ActiveCfg = Debug|Any CPU
		{4B3C89AF-0F41-4C75-AE73-2DA96C62FBD7}.Debug|Any CPU.Build.0 = Debug|Any CPU
		{4B3C89AF-0F41-4C75-AE73-2DA96C62FBD7}.Release|Any CPU.ActiveCfg = Release|Any CPU
		{4B3C89AF-0F41-4C75-AE73-2DA96C62FBD7}.Release|Any CPU.Build.0 = Release|Any CPU
	EndGlobalSection
	GlobalSection(SolutionProperties) = preSolution
		HideSolutionNode = FALSE
	EndGlobalSection
	GlobalSection(ExtensibilityGlobals) = postSolution
		SolutionGuid = {84BDBB44-00DA-4EA6-8A58-06DF5F64E646}
	EndGlobalSection
EndGlobal
